
Microsoft Visual Studio Solution File, Format Version 12.00
# Visual Studio Version 17
VisualStudioVersion = 17.9.34714.143
MinimumVisualStudioVersion = 10.0.40219.1
Project("{FAE04EC0-301F-11D3-BF4B-00C04F79EFBC}") = "Dominio", "Dominio\Dominio.csproj", "{AFD639EF-2072-446F-8DEE-F29F83CDC597}"
EndProject
Global
	GlobalSection(SolutionConfigurationPlatforms) = preSolution
		Debug|Any CPU = Debug|Any CPU
		Release|Any CPU = Release|Any CPU
	EndGlobalSection
	GlobalSection(ProjectConfigurationPlatforms) = postSolution
		{AFD639EF-2072-446F-8DEE-F29F83CDC597}.Debug|Any CPU.ActiveCfg = Debug|Any CPU
		{AFD639EF-2072-446F-8DEE-F29F83CDC597}.Debug|Any CPU.Build.0 = Debug|Any CPU
		{AFD639EF-2072-446F-8DEE-F29F83CDC597}.Release|Any CPU.ActiveCfg = Release|Any CPU
		{AFD639EF-2072-446F-8DEE-F29F83CDC597}.Release|Any CPU.Build.0 = Release|Any CPU
	EndGlobalSection
	GlobalSection(SolutionProperties) = preSolution
		HideSolutionNode = FALSE
	EndGlobalSection
	GlobalSection(ExtensibilityGlobals) = postSolution
		SolutionGuid = {6066D6E6-1814-4F45-B5B3-D4FD0F918989}
	EndGlobalSection
EndGlobal
