
Microsoft Visual Studio Solution File, Format Version 12.00
# Visual Studio Version 17
VisualStudioVersion = 17.9.34714.143
MinimumVisualStudioVersion = 10.0.40219.1
Project("{9A19103F-16F7-4668-BE54-9A1E7A4F7556}") = "Consola", "Consola\Consola.csproj", "{2DA97536-473F-4957-A416-788DD7AC2CA8}"
EndProject
Project("{9A19103F-16F7-4668-BE54-9A1E7A4F7556}") = "Dominio", "Dominio\Dominio.csproj", "{3A93DE1E-AFCD-4668-BF17-36F804AD9D7B}"
EndProject
Project("{9A19103F-16F7-4668-BE54-9A1E7A4F7556}") = "Interfaz", "Interfaz\Interfaz.csproj", "{35395A0E-C158-4B82-854F-D71D553F71EE}"
EndProject
Project("{9A19103F-16F7-4668-BE54-9A1E7A4F7556}") = "WebAPI", "WebAPI\WebAPI.csproj", "{02297320-1A39-4210-94D3-77D736563B57}"
EndProject
Project("{9A19103F-16F7-4668-BE54-9A1E7A4F7556}") = "WebAssembly", "WebAssembly\WebAssembly.csproj", "{7049485D-6F0B-47DC-B626-AD7267AA09C8}"
EndProject
Project("{FAE04EC0-301F-11D3-BF4B-00C04F79EFBC}") = "AcademiaWeb", "AcademiaWeb\AcademiaWeb.csproj", "{E02FD347-B20F-4E4C-9A85-B0E129AD4AB4}"
EndProject
Global
	GlobalSection(SolutionConfigurationPlatforms) = preSolution
		Debug|Any CPU = Debug|Any CPU
		Release|Any CPU = Release|Any CPU
	EndGlobalSection
	GlobalSection(ProjectConfigurationPlatforms) = postSolution
		{2DA97536-473F-4957-A416-788DD7AC2CA8}.Debug|Any CPU.ActiveCfg = Debug|Any CPU
		{2DA97536-473F-4957-A416-788DD7AC2CA8}.Debug|Any CPU.Build.0 = Debug|Any CPU
		{2DA97536-473F-4957-A416-788DD7AC2CA8}.Release|Any CPU.ActiveCfg = Release|Any CPU
		{2DA97536-473F-4957-A416-788DD7AC2CA8}.Release|Any CPU.Build.0 = Release|Any CPU
		{3A93DE1E-AFCD-4668-BF17-36F804AD9D7B}.Debug|Any CPU.ActiveCfg = Debug|Any CPU
		{3A93DE1E-AFCD-4668-BF17-36F804AD9D7B}.Debug|Any CPU.Build.0 = Debug|Any CPU
		{3A93DE1E-AFCD-4668-BF17-36F804AD9D7B}.Release|Any CPU.ActiveCfg = Release|Any CPU
		{3A93DE1E-AFCD-4668-BF17-36F804AD9D7B}.Release|Any CPU.Build.0 = Release|Any CPU
		{35395A0E-C158-4B82-854F-D71D553F71EE}.Debug|Any CPU.ActiveCfg = Debug|Any CPU
		{35395A0E-C158-4B82-854F-D71D553F71EE}.Debug|Any CPU.Build.0 = Debug|Any CPU
		{35395A0E-C158-4B82-854F-D71D553F71EE}.Release|Any CPU.ActiveCfg = Release|Any CPU
		{35395A0E-C158-4B82-854F-D71D553F71EE}.Release|Any CPU.Build.0 = Release|Any CPU
		{02297320-1A39-4210-94D3-77D736563B57}.Debug|Any CPU.ActiveCfg = Debug|Any CPU
		{02297320-1A39-4210-94D3-77D736563B57}.Debug|Any CPU.Build.0 = Debug|Any CPU
		{02297320-1A39-4210-94D3-77D736563B57}.Release|Any CPU.ActiveCfg = Release|Any CPU
		{02297320-1A39-4210-94D3-77D736563B57}.Release|Any CPU.Build.0 = Release|Any CPU
		{7049485D-6F0B-47DC-B626-AD7267AA09C8}.Debug|Any CPU.ActiveCfg = Debug|Any CPU
		{7049485D-6F0B-47DC-B626-AD7267AA09C8}.Debug|Any CPU.Build.0 = Debug|Any CPU
		{7049485D-6F0B-47DC-B626-AD7267AA09C8}.Release|Any CPU.ActiveCfg = Release|Any CPU
		{7049485D-6F0B-47DC-B626-AD7267AA09C8}.Release|Any CPU.Build.0 = Release|Any CPU
		{E02FD347-B20F-4E4C-9A85-B0E129AD4AB4}.Debug|Any CPU.ActiveCfg = Debug|Any CPU
		{E02FD347-B20F-4E4C-9A85-B0E129AD4AB4}.Debug|Any CPU.Build.0 = Debug|Any CPU
		{E02FD347-B20F-4E4C-9A85-B0E129AD4AB4}.Release|Any CPU.ActiveCfg = Release|Any CPU
		{E02FD347-B20F-4E4C-9A85-B0E129AD4AB4}.Release|Any CPU.Build.0 = Release|Any CPU
	EndGlobalSection
	GlobalSection(SolutionProperties) = preSolution
		HideSolutionNode = FALSE
	EndGlobalSection
	GlobalSection(ExtensibilityGlobals) = postSolution
		SolutionGuid = {6066D6E6-1814-4F45-B5B3-D4FD0F918989}
	EndGlobalSection
EndGlobal
